
Microsoft Visual Studio Solution File, Format Version 12.00
# Visual Studio Version 17
VisualStudioVersion = 17.8.34330.188
MinimumVisualStudioVersion = 10.0.40219.1
Project("{FAE04EC0-301F-11D3-BF4B-00C04F79EFBC}") = "Onibi_Pro.Communication", "Onibi_Pro.Communication\Onibi_Pro.Communication.csproj", "{751F8C5C-3421-462C-B695-34D8897D624D}"
EndProject
Global
	GlobalSection(SolutionConfigurationPlatforms) = preSolution
		Debug|Any CPU = Debug|Any CPU
		Release|Any CPU = Release|Any CPU
	EndGlobalSection
	GlobalSection(ProjectConfigurationPlatforms) = postSolution
		{751F8C5C-3421-462C-B695-34D8897D624D}.Debug|Any CPU.ActiveCfg = Debug|Any CPU
		{751F8C5C-3421-462C-B695-34D8897D624D}.Debug|Any CPU.Build.0 = Debug|Any CPU
		{751F8C5C-3421-462C-B695-34D8897D624D}.Release|Any CPU.ActiveCfg = Release|Any CPU
		{751F8C5C-3421-462C-B695-34D8897D624D}.Release|Any CPU.Build.0 = Release|Any CPU
	EndGlobalSection
	GlobalSection(SolutionProperties) = preSolution
		HideSolutionNode = FALSE
	EndGlobalSection
	GlobalSection(ExtensibilityGlobals) = postSolution
		SolutionGuid = {A1580454-6038-4FB7-9AEE-5B821164B6AF}
	EndGlobalSection
EndGlobal
